
Microsoft Visual Studio Solution File, Format Version 12.00
# Visual Studio 14
VisualStudioVersion = 14.0.25420.1
MinimumVisualStudioVersion = 10.0.40219.1
Project("{FAE04EC0-301F-11D3-BF4B-00C04F79EFBC}") = "FarmApi", "FarmApi\FarmApi.csproj", "{A44CC307-C4CF-4AF5-B9BC-CD053ABC0090}"
EndProject
Project("{FAE04EC0-301F-11D3-BF4B-00C04F79EFBC}") = "FarmDomain", "FarmDomain\FarmDomain.csproj", "{ED8FAD79-42D1-48B0-9D1C-3BA03375262F}"
EndProject
Project("{FAE04EC0-301F-11D3-BF4B-00C04F79EFBC}") = "FarmDomainService", "FarmDomainService\FarmDomainService.csproj", "{6DB45BD7-A0A9-49A7-BF8C-5EE1DDFA9919}"
EndProject
Global
	GlobalSection(SolutionConfigurationPlatforms) = preSolution
		Debug|Any CPU = Debug|Any CPU
		Release|Any CPU = Release|Any CPU
	EndGlobalSection
	GlobalSection(ProjectConfigurationPlatforms) = postSolution
		{A44CC307-C4CF-4AF5-B9BC-CD053ABC0090}.Debug|Any CPU.ActiveCfg = Debug|Any CPU
		{A44CC307-C4CF-4AF5-B9BC-CD053ABC0090}.Debug|Any CPU.Build.0 = Debug|Any CPU
		{A44CC307-C4CF-4AF5-B9BC-CD053ABC0090}.Release|Any CPU.ActiveCfg = Release|Any CPU
		{A44CC307-C4CF-4AF5-B9BC-CD053ABC0090}.Release|Any CPU.Build.0 = Release|Any CPU
		{ED8FAD79-42D1-48B0-9D1C-3BA03375262F}.Debug|Any CPU.ActiveCfg = Debug|Any CPU
		{ED8FAD79-42D1-48B0-9D1C-3BA03375262F}.Debug|Any CPU.Build.0 = Debug|Any CPU
		{ED8FAD79-42D1-48B0-9D1C-3BA03375262F}.Release|Any CPU.ActiveCfg = Release|Any CPU
		{ED8FAD79-42D1-48B0-9D1C-3BA03375262F}.Release|Any CPU.Build.0 = Release|Any CPU
		{6DB45BD7-A0A9-49A7-BF8C-5EE1DDFA9919}.Debug|Any CPU.ActiveCfg = Debug|Any CPU
		{6DB45BD7-A0A9-49A7-BF8C-5EE1DDFA9919}.Debug|Any CPU.Build.0 = Debug|Any CPU
		{6DB45BD7-A0A9-49A7-BF8C-5EE1DDFA9919}.Release|Any CPU.ActiveCfg = Release|Any CPU
		{6DB45BD7-A0A9-49A7-BF8C-5EE1DDFA9919}.Release|Any CPU.Build.0 = Release|Any CPU
	EndGlobalSection
	GlobalSection(SolutionProperties) = preSolution
		HideSolutionNode = FALSE
	EndGlobalSection
EndGlobal
